
Microsoft Visual Studio Solution File, Format Version 12.00
# Visual Studio 15
VisualStudioVersion = 15.0.27703.2000
MinimumVisualStudioVersion = 10.0.40219.1
Project("{FAE04EC0-301F-11D3-BF4B-00C04F79EFBC}") = "ARS.IfxConnection", "ARS.IfxConnection\ARS.IfxConnection.csproj", "{7EC2626A-8D2F-4FF9-B2AC-92FCF0483FA4}"
EndProject
Global
	GlobalSection(SolutionConfigurationPlatforms) = preSolution
		Debug|Any CPU = Debug|Any CPU
		Release|Any CPU = Release|Any CPU
	EndGlobalSection
	GlobalSection(ProjectConfigurationPlatforms) = postSolution
		{7EC2626A-8D2F-4FF9-B2AC-92FCF0483FA4}.Debug|Any CPU.ActiveCfg = Debug|Any CPU
		{7EC2626A-8D2F-4FF9-B2AC-92FCF0483FA4}.Debug|Any CPU.Build.0 = Debug|Any CPU
		{7EC2626A-8D2F-4FF9-B2AC-92FCF0483FA4}.Release|Any CPU.ActiveCfg = Release|Any CPU
		{7EC2626A-8D2F-4FF9-B2AC-92FCF0483FA4}.Release|Any CPU.Build.0 = Release|Any CPU
	EndGlobalSection
	GlobalSection(SolutionProperties) = preSolution
		HideSolutionNode = FALSE
	EndGlobalSection
	GlobalSection(ExtensibilityGlobals) = postSolution
		SolutionGuid = {F3C59F2C-0F24-4A79-BD37-4AD7B2A6B139}
	EndGlobalSection
EndGlobal
